// !$*UTF8*$!
{
	archiveVersion = 1;
	classes = {
	};
	objectVersion = 51;
	objects = {

/* Begin PBXBuildFile section */
		D8945C0826CB5CFD00F8CAF7 /* AppDelegate.swift in Sources */ = {isa = PBXBuildFile; fileRef = D8945C0726CB5CFD00F8CAF7 /* AppDelegate.swift */; };
		D8945C0A26CB5CFD00F8CAF7 /* SceneDelegate.swift in Sources */ = {isa = PBXBuildFile; fileRef = D8945C0926CB5CFD00F8CAF7 /* SceneDelegate.swift */; };
		D8945C0C26CB5CFD00F8CAF7 /* ViewController.swift in Sources */ = {isa = PBXBuildFile; fileRef = D8945C0B26CB5CFD00F8CAF7 /* ViewController.swift */; };
		D8945C0F26CB5CFD00F8CAF7 /* Main.storyboard in Resources */ = {isa = PBXBuildFile; fileRef = D8945C0D26CB5CFD00F8CAF7 /* Main.storyboard */; };
		D8945C1126CB5D1000F8CAF7 /* Assets.xcassets in Resources */ = {isa = PBXBuildFile; fileRef = D8945C1026CB5D1000F8CAF7 /* Assets.xcassets */; };
		D8945C1426CB5D1000F8CAF7 /* LaunchScreen.storyboard in Resources */ = {isa = PBXBuildFile; fileRef = D8945C1226CB5D1000F8CAF7 /* LaunchScreen.storyboard */; };
		D8945C1F26CB6C5100F8CAF7 /* GoogleService-Info.plist in Resources */ = {isa = PBXBuildFile; fileRef = D8945C1E26CB6C5100F8CAF7 /* GoogleService-Info.plist */; };
		E3BE4AEFD928E38C71AC2300 /* Pods_pushnotificationdemo.framework in Frameworks */ = {isa = PBXBuildFile; fileRef = D6C52D0FAC1AE29BBD786B79 /* Pods_pushnotificationdemo.framework */; };
/* End PBXBuildFile section */

/* Begin PBXFileReference section */
		0AE8F9810326FC51A63696B0 /* Pods-pushnotificationdemo.debug.xcconfig */ = {isa = PBXFileReference; includeInIndex = 1; lastKnownFileType = text.xcconfig; name = "Pods-pushnotificationdemo.debug.xcconfig"; path = "Target Support Files/Pods-pushnotificationdemo/Pods-pushnotificationdemo.debug.xcconfig"; sourceTree = "<group>"; };
		A8685666264A18720554F54D /* Pods-pushnotificationdemo.release.xcconfig */ = {isa = PBXFileReference; includeInIndex = 1; lastKnownFileType = text.xcconfig; name = "Pods-pushnotificationdemo.release.xcconfig"; path = "Target Support Files/Pods-pushnotificationdemo/Pods-pushnotificationdemo.release.xcconfig"; sourceTree = "<group>"; };
		D6C52D0FAC1AE29BBD786B79 /* Pods_pushnotificationdemo.framework */ = {isa = PBXFileReference; explicitFileType = wrapper.framework; includeInIndex = 0; path = Pods_pushnotificationdemo.framework; sourceTree = BUILT_PRODUCTS_DIR; };
		D8945C0426CB5CFD00F8CAF7 /* pushnotificationdemo.app */ = {isa = PBXFileReference; explicitFileType = wrapper.application; includeInIndex = 0; path = pushnotificationdemo.app; sourceTree = BUILT_PRODUCTS_DIR; };
		D8945C0726CB5CFD00F8CAF7 /* AppDelegate.swift */ = {isa = PBXFileReference; lastKnownFileType = sourcecode.swift; path = AppDelegate.swift; sourceTree = "<group>"; };
		D8945C0926CB5CFD00F8CAF7 /* SceneDelegate.swift */ = {isa = PBXFileReference; lastKnownFileType = sourcecode.swift; path = SceneDelegate.swift; sourceTree = "<group>"; };
		D8945C0B26CB5CFD00F8CAF7 /* ViewController.swift */ = {isa = PBXFileReference; lastKnownFileType = sourcecode.swift; path = ViewController.swift; sourceTree = "<group>"; };
		D8945C0E26CB5CFD00F8CAF7 /* Base */ = {isa = PBXFileReference; lastKnownFileType = file.storyboard; name = Base; path = Base.lproj/Main.storyboard; sourceTree = "<group>"; };
		D8945C1026CB5D1000F8CAF7 /* Assets.xcassets */ = {isa = PBXFileReference; lastKnownFileType = folder.assetcatalog; path = Assets.xcassets; sourceTree = "<group>"; };
		D8945C1326CB5D1000F8CAF7 /* Base */ = {isa = PBXFileReference; lastKnownFileType = file.storyboard; name = Base; path = Base.lproj/LaunchScreen.storyboard; sourceTree = "<group>"; };
		D8945C1526CB5D1000F8CAF7 /* Info.plist */ = {isa = PBXFileReference; lastKnownFileType = text.plist.xml; path = Info.plist; sourceTree = "<group>"; };
		D8945C1D26CB67D500F8CAF7 /* pushnotificationdemo.entitlements */ = {isa = PBXFileReference; lastKnownFileType = text.plist.entitlements; path = pushnotificationdemo.entitlements; sourceTree = "<group>"; };
		D8945C1E26CB6C5100F8CAF7 /* GoogleService-Info.plist */ = {isa = PBXFileReference; fileEncoding = 4; lastKnownFileType = text.plist.xml; path = "GoogleService-Info.plist"; sourceTree = "<group>"; };
/* End PBXFileReference section */

/* Begin PBXFrameworksBuildPhase section */
		D8945C0126CB5CFD00F8CAF7 /* Frameworks */ = {
			isa = PBXFrameworksBuildPhase;
			buildActionMask = 2147483647;
			files = (
				E3BE4AEFD928E38C71AC2300 /* Pods_pushnotificationdemo.framework in Frameworks */,
			);
			runOnlyForDeploymentPostprocessing = 0;
		};
/* End PBXFrameworksBuildPhase section */

/* Begin PBXGroup section */
		C8E7765EE0E540F984323827 /* Pods */ = {
			isa = PBXGroup;
			children = (
				0AE8F9810326FC51A63696B0 /* Pods-pushnotificationdemo.debug.xcconfig */,
				A8685666264A18720554F54D /* Pods-pushnotificationdemo.release.xcconfig */,
			);
			path = Pods;
			sourceTree = "<group>";
		};
		D8945BFB26CB5CFD00F8CAF7 = {
			isa = PBXGroup;
			children = (
				D8945C0626CB5CFD00F8CAF7 /* pushnotificationdemo */,
				D8945C0526CB5CFD00F8CAF7 /* Products */,
				C8E7765EE0E540F984323827 /* Pods */,
				F291106F30FF51F5D00F38C9 /* Frameworks */,
			);
			sourceTree = "<group>";
		};
		D8945C0526CB5CFD00F8CAF7 /* Products */ = {
			isa = PBXGroup;
			children = (
				D8945C0426CB5CFD00F8CAF7 /* pushnotificationdemo.app */,
			);
			name = Products;
			sourceTree = "<group>";
		};
		D8945C0626CB5CFD00F8CAF7 /* pushnotificationdemo */ = {
			isa = PBXGroup;
			children = (
				D8945C1D26CB67D500F8CAF7 /* pushnotificationdemo.entitlements */,
				D8945C0726CB5CFD00F8CAF7 /* AppDelegate.swift */,
				D8945C1E26CB6C5100F8CAF7 /* GoogleService-Info.plist */,
				D8945C0926CB5CFD00F8CAF7 /* SceneDelegate.swift */,
				D8945C0B26CB5CFD00F8CAF7 /* ViewController.swift */,
				D8945C0D26CB5CFD00F8CAF7 /* Main.storyboard */,
				D8945C1026CB5D1000F8CAF7 /* Assets.xcassets */,
				D8945C1226CB5D1000F8CAF7 /* LaunchScreen.storyboard */,
				D8945C1526CB5D1000F8CAF7 /* Info.plist */,
			);
			path = pushnotificationdemo;
			sourceTree = "<group>";
		};
		F291106F30FF51F5D00F38C9 /* Frameworks */ = {
			isa = PBXGroup;
			children = (
				D6C52D0FAC1AE29BBD786B79 /* Pods_pushnotificationdemo.framework */,
			);
			name = Frameworks;
			sourceTree = "<group>";
		};
/* End PBXGroup section */

/* Begin PBXNativeTarget section */
		D8945C0326CB5CFD00F8CAF7 /* pushnotificationdemo */ = {
			isa = PBXNativeTarget;
			buildConfigurationList = D8945C1826CB5D1000F8CAF7 /* Build configuration list for PBXNativeTarget "pushnotificationdemo" */;
			buildPhases = (
				D5E176E91163EC20BC875F36 /* [CP] Check Pods Manifest.lock */,
				D8945C0026CB5CFD00F8CAF7 /* Sources */,
				D8945C0126CB5CFD00F8CAF7 /* Frameworks */,
				D8945C0226CB5CFD00F8CAF7 /* Resources */,
				8C9C1AABD9ECBFAA60442C54 /* [CP] Embed Pods Frameworks */,
			);
			buildRules = (
			);
			dependencies = (
			);
			name = pushnotificationdemo;
			productName = pushnotificationdemo;
			productReference = D8945C0426CB5CFD00F8CAF7 /* pushnotificationdemo.app */;
			productType = "com.apple.product-type.application";
		};
/* End PBXNativeTarget section */

/* Begin PBXProject section */
		D8945BFC26CB5CFD00F8CAF7 /* Project object */ = {
			isa = PBXProject;
			attributes = {
				LastSwiftUpdateCheck = 1250;
				LastUpgradeCheck = 1250;
				TargetAttributes = {
					D8945C0326CB5CFD00F8CAF7 = {
						CreatedOnToolsVersion = 12.5;
					};
				};
			};
			buildConfigurationList = D8945BFF26CB5CFD00F8CAF7 /* Build configuration list for PBXProject "pushnotificationdemo" */;
			compatibilityVersion = "Xcode 9.3";
			developmentRegion = en;
			hasScannedForEncodings = 0;
			knownRegions = (
				en,
				Base,
			);
			mainGroup = D8945BFB26CB5CFD00F8CAF7;
			productRefGroup = D8945C0526CB5CFD00F8CAF7 /* Products */;
			projectDirPath = "";
			projectRoot = "";
			targets = (
				D8945C0326CB5CFD00F8CAF7 /* pushnotificationdemo */,
			);
		};
/* End PBXProject section */

/* Begin PBXResourcesBuildPhase section */
		D8945C0226CB5CFD00F8CAF7 /* Resources */ = {
			isa = PBXResourcesBuildPhase;
			buildActionMask = 2147483647;
			files = (
				D8945C1426CB5D1000F8CAF7 /* LaunchScreen.storyboard in Resources */,
				D8945C1F26CB6C5100F8CAF7 /* GoogleService-Info.plist in Resources */,
				D8945C1126CB5D1000F8CAF7 /* Assets.xcassets in Resources */,
				D8945C0F26CB5CFD00F8CAF7 /* Main.storyboard in Resources */,
			);
			runOnlyForDeploymentPostprocessing = 0;
		};
/* End PBXResourcesBuildPhase section */

/* Begin PBXShellScriptBuildPhase section */
		8C9C1AABD9ECBFAA60442C54 /* [CP] Embed Pods Frameworks */ = {
			isa = PBXShellScriptBuildPhase;
			buildActionMask = 2147483647;
			files = (
			);
			inputFileListPaths = (
				"${PODS_ROOT}/Target Support Files/Pods-pushnotificationdemo/Pods-pushnotificationdemo-frameworks-${CONFIGURATION}-input-files.xcfilelist",
			);
			name = "[CP] Embed Pods Frameworks";
			outputFileListPaths = (
				"${PODS_ROOT}/Target Support Files/Pods-pushnotificationdemo/Pods-pushnotificationdemo-frameworks-${CONFIGURATION}-output-files.xcfilelist",
			);
			runOnlyForDeploymentPostprocessing = 0;
			shellPath = /bin/sh;
			shellScript = "\"${PODS_ROOT}/Target Support Files/Pods-pushnotificationdemo/Pods-pushnotificationdemo-frameworks.sh\"\n";
			showEnvVarsInLog = 0;
		};
		D5E176E91163EC20BC875F36 /* [CP] Check Pods Manifest.lock */ = {
			isa = PBXShellScriptBuildPhase;
			buildActionMask = 2147483647;
			files = (
			);
			inputFileListPaths = (
			);
			inputPaths = (
				"${PODS_PODFILE_DIR_PATH}/Podfile.lock",
				"${PODS_ROOT}/Manifest.lock",
			);
			name = "[CP] Check Pods Manifest.lock";
			outputFileListPaths = (
			);
			outputPaths = (
				"$(DERIVED_FILE_DIR)/Pods-pushnotificationdemo-checkManifestLockResult.txt",
			);
			runOnlyForDeploymentPostprocessing = 0;
			shellPath = /bin/sh;
			shellScript = "diff \"${PODS_PODFILE_DIR_PATH}/Podfile.lock\" \"${PODS_ROOT}/Manifest.lock\" > /dev/null\nif [ $? != 0 ] ; then\n    # print error to STDERR\n    echo \"error: The sandbox is not in sync with the Podfile.lock. Run 'pod install' or update your CocoaPods installation.\" >&2\n    exit 1\nfi\n# This output is used by Xcode 'outputs' to avoid re-running this script phase.\necho \"SUCCESS\" > \"${SCRIPT_OUTPUT_FILE_0}\"\n";
			showEnvVarsInLog = 0;
		};
/* End PBXShellScriptBuildPhase section */

/* Begin PBXSourcesBuildPhase section */
		D8945C0026CB5CFD00F8CAF7 /* Sources */ = {
			isa = PBXSourcesBuildPhase;
			buildActionMask = 2147483647;
			files = (
				D8945C0C26CB5CFD00F8CAF7 /* ViewController.swift in Sources */,
				D8945C0826CB5CFD00F8CAF7 /* AppDelegate.swift in Sources */,
				D8945C0A26CB5CFD00F8CAF7 /* SceneDelegate.swift in Sources */,
			);
			runOnlyForDeploymentPostprocessing = 0;
		};
/* End PBXSourcesBuildPhase section */

/* Begin PBXVariantGroup section */
		D8945C0D26CB5CFD00F8CAF7 /* Main.storyboard */ = {
			isa = PBXVariantGroup;
			children = (
				D8945C0E26CB5CFD00F8CAF7 /* Base */,
			);
			name = Main.storyboard;
			sourceTree = "<group>";
		};
		D8945C1226CB5D1000F8CAF7 /* LaunchScreen.storyboard */ = {
			isa = PBXVariantGroup;
			children = (
				D8945C1326CB5D1000F8CAF7 /* Base */,
			);
			name = LaunchScreen.storyboard;
			sourceTree = "<group>";
		};
/* End PBXVariantGroup section */

/* Begin XCBuildConfiguration section */
		D8945C1626CB5D1000F8CAF7 /* Debug */ = {
			isa = XCBuildConfiguration;
			buildSettings = {
				ALWAYS_SEARCH_USER_PATHS = NO;
				CLANG_ANALYZER_NONNULL = YES;
				CLANG_ANALYZER_NUMBER_OBJECT_CONVERSION = YES_AGGRESSIVE;
				CLANG_CXX_LANGUAGE_STANDARD = "gnu++14";
				CLANG_CXX_LIBRARY = "libc++";
				CLANG_ENABLE_MODULES = YES;
				CLANG_ENABLE_OBJC_ARC = YES;
				CLANG_ENABLE_OBJC_WEAK = YES;
				CLANG_WARN_BLOCK_CAPTURE_AUTORELEASING = YES;
				CLANG_WARN_BOOL_CONVERSION = YES;
				CLANG_WARN_COMMA = YES;
				CLANG_WARN_CONSTANT_CONVERSION = YES;
				CLANG_WARN_DEPRECATED_OBJC_IMPLEMENTATIONS = YES;
				CLANG_WARN_DIRECT_OBJC_ISA_USAGE = YES_ERROR;
				CLANG_WARN_DOCUMENTATION_COMMENTS = YES;
				CLANG_WARN_EMPTY_BODY = YES;
				CLANG_WARN_ENUM_CONVERSION = YES;
				CLANG_WARN_INFINITE_RECURSION = YES;
				CLANG_WARN_INT_CONVERSION = YES;
				CLANG_WARN_NON_LITERAL_NULL_CONVERSION = YES;
				CLANG_WARN_OBJC_IMPLICIT_RETAIN_SELF = YES;
				CLANG_WARN_OBJC_LITERAL_CONVERSION = YES;
				CLANG_WARN_OBJC_ROOT_CLASS = YES_ERROR;
				CLANG_WARN_QUOTED_INCLUDE_IN_FRAMEWORK_HEADER = YES;
				CLANG_WARN_RANGE_LOOP_ANALYSIS = YES;
				CLANG_WARN_STRICT_PROTOTYPES = YES;
				CLANG_WARN_SUSPICIOUS_MOVE = YES;
				CLANG_WARN_UNGUARDED_AVAILABILITY = YES_AGGRESSIVE;
				CLANG_WARN_UNREACHABLE_CODE = YES;
				CLANG_WARN__DUPLICATE_METHOD_MATCH = YES;
				COPY_PHASE_STRIP = NO;
				DEBUG_INFORMATION_FORMAT = dwarf;
				ENABLE_STRICT_OBJC_MSGSEND = YES;
				ENABLE_TESTABILITY = YES;
				GCC_C_LANGUAGE_STANDARD = gnu11;
				GCC_DYNAMIC_NO_PIC = NO;
				GCC_NO_COMMON_BLOCKS = YES;
				GCC_OPTIMIZATION_LEVEL = 0;
				GCC_PREPROCESSOR_DEFINITIONS = (
					"DEBUG=1",
					"$(inherited)",
				);
				GCC_WARN_64_TO_32_BIT_CONVERSION = YES;
				GCC_WARN_ABOUT_RETURN_TYPE = YES_ERROR;
				GCC_WARN_UNDECLARED_SELECTOR = YES;
				GCC_WARN_UNINITIALIZED_AUTOS = YES_AGGRESSIVE;
				GCC_WARN_UNUSED_FUNCTION = YES;
				GCC_WARN_UNUSED_VARIABLE = YES;
				IPHONEOS_DEPLOYMENT_TARGET = 14.5;
				MTL_ENABLE_DEBUG_INFO = INCLUDE_SOURCE;
				MTL_FAST_MATH = YES;
				ONLY_ACTIVE_ARCH = YES;
				SDKROOT = iphoneos;
				SWIFT_ACTIVE_COMPILATION_CONDITIONS = DEBUG;
				SWIFT_OPTIMIZATION_LEVEL = "-Onone";
			};
			name = Debug;
		};
		D8945C1726CB5D1000F8CAF7 /* Release */ = {
			isa = XCBuildConfiguration;
			buildSettings = {
				ALWAYS_SEARCH_USER_PATHS = NO;
				CLANG_ANALYZER_NONNULL = YES;
				CLANG_ANALYZER_NUMBER_OBJECT_CONVERSION = YES_AGGRESSIVE;
				CLANG_CXX_LANGUAGE_STANDARD = "gnu++14";
				CLANG_CXX_LIBRARY = "libc++";
				CLANG_ENABLE_MODULES = YES;
				CLANG_ENABLE_OBJC_ARC = YES;
				CLANG_ENABLE_OBJC_WEAK = YES;
				CLANG_WARN_BLOCK_CAPTURE_AUTORELEASING = YES;
				CLANG_WARN_BOOL_CONVERSION = YES;
				CLANG_WARN_COMMA = YES;
				CLANG_WARN_CONSTANT_CONVERSION = YES;
				CLANG_WARN_DEPRECATED_OBJC_IMPLEMENTATIONS = YES;
				CLANG_WARN_DIRECT_OBJC_ISA_USAGE = YES_ERROR;
				CLANG_WARN_DOCUMENTATION_COMMENTS = YES;
				CLANG_WARN_EMPTY_BODY = YES;
				CLANG_WARN_ENUM_CONVERSION = YES;
				CLANG_WARN_INFINITE_RECURSION = YES;
				CLANG_WARN_INT_CONVERSION = YES;
				CLANG_WARN_NON_LITERAL_NULL_CONVERSION = YES;
				CLANG_WARN_OBJC_IMPLICIT_RETAIN_SELF = YES;
				CLANG_WARN_OBJC_LITERAL_CONVERSION = YES;
				CLANG_WARN_OBJC_ROOT_CLASS = YES_ERROR;
				CLANG_WARN_QUOTED_INCLUDE_IN_FRAMEWORK_HEADER = YES;
				CLANG_WARN_RANGE_LOOP_ANALYSIS = YES;
				CLANG_WARN_STRICT_PROTOTYPES = YES;
				CLANG_WARN_SUSPICIOUS_MOVE = YES;
				CLANG_WARN_UNGUARDED_AVAILABILITY = YES_AGGRESSIVE;
				CLANG_WARN_UNREACHABLE_CODE = YES;
				CLANG_WARN__DUPLICATE_METHOD_MATCH = YES;
				COPY_PHASE_STRIP = NO;
				DEBUG_INFORMATION_FORMAT = "dwarf-with-dsym";
				ENABLE_NS_ASSERTIONS = NO;
				ENABLE_STRICT_OBJC_MSGSEND = YES;
				GCC_C_LANGUAGE_STANDARD = gnu11;
				GCC_NO_COMMON_BLOCKS = YES;
				GCC_WARN_64_TO_32_BIT_CONVERSION = YES;
				GCC_WARN_ABOUT_RETURN_TYPE = YES_ERROR;
				GCC_WARN_UNDECLARED_SELECTOR = YES;
				GCC_WARN_UNINITIALIZED_AUTOS = YES_AGGRESSIVE;
				GCC_WARN_UNUSED_FUNCTION = YES;
				GCC_WARN_UNUSED_VARIABLE = YES;
				IPHONEOS_DEPLOYMENT_TARGET = 14.5;
				MTL_ENABLE_DEBUG_INFO = NO;
				MTL_FAST_MATH = YES;
				SDKROOT = iphoneos;
				SWIFT_COMPILATION_MODE = wholemodule;
				SWIFT_OPTIMIZATION_LEVEL = "-O";
				VALIDATE_PRODUCT = YES;
			};
			name = Release;
		};
		D8945C1926CB5D1000F8CAF7 /* Debug */ = {
			isa = XCBuildConfiguration;
			baseConfigurationReference = 0AE8F9810326FC51A63696B0 /* Pods-pushnotificationdemo.debug.xcconfig */;
			buildSettings = {
				ASSETCATALOG_COMPILER_APPICON_NAME = AppIcon;
				ASSETCATALOG_COMPILER_GLOBAL_ACCENT_COLOR_NAME = AccentColor;
				CODE_SIGN_ENTITLEMENTS = pushnotificationdemo/pushnotificationdemo.entitlements;
				CODE_SIGN_STYLE = Automatic;
				DEVELOPMENT_TEAM = T3YWA5D992;
				INFOPLIST_FILE = pushnotificationdemo/Info.plist;
				LD_RUNPATH_SEARCH_PATHS = (
					"$(inherited)",
					"@executable_path/Frameworks",
				);
				PRODUCT_BUNDLE_IDENTIFIER = net.mobile.pushnotificationdemo;
				PRODUCT_NAME = "$(TARGET_NAME)";
				SWIFT_VERSION = 5.0;
				TARGETED_DEVICE_FAMILY = "1,2";
			};
			name = Debug;
		};
		D8945C1A26CB5D1000F8CAF7 /* Release */ = {
			isa = XCBuildConfiguration;
			baseConfigurationReference = A8685666264A18720554F54D /* Pods-pushnotificationdemo.release.xcconfig */;
			buildSettings = {
				ASSETCATALOG_COMPILER_APPICON_NAME = AppIcon;
				ASSETCATALOG_COMPILER_GLOBAL_ACCENT_COLOR_NAME = AccentColor;
				CODE_SIGN_ENTITLEMENTS = pushnotificationdemo/pushnotificationdemo.entitlements;
				CODE_SIGN_STYLE = Automatic;
				DEVELOPMENT_TEAM = T3YWA5D992;
				INFOPLIST_FILE = pushnotificationdemo/Info.plist;
				LD_RUNPATH_SEARCH_PATHS = (
					"$(inherited)",
					"@executable_path/Frameworks",
				);
				PRODUCT_BUNDLE_IDENTIFIER = net.mobile.pushnotificationdemo;
				PRODUCT_NAME = "$(TARGET_NAME)";
				SWIFT_VERSION = 5.0;
				TARGETED_DEVICE_FAMILY = "1,2";
			};
			name = Release;
		};
/* End XCBuildConfiguration section */

/* Begin XCConfigurationList section */
		D8945BFF26CB5CFD00F8CAF7 /* Build configuration list for PBXProject "pushnotificationdemo" */ = {
			isa = XCConfigurationList;
			buildConfigurations = (
				D8945C1626CB5D1000F8CAF7 /* Debug */,
				D8945C1726CB5D1000F8CAF7 /* Release */,
			);
			defaultConfigurationIsVisible = 0;
			defaultConfigurationName = Release;
		};
		D8945C1826CB5D1000F8CAF7 /* Build configuration list for PBXNativeTarget "pushnotificationdemo" */ = {
			isa = XCConfigurationList;
			buildConfigurations = (
				D8945C1926CB5D1000F8CAF7 /* Debug */,
				D8945C1A26CB5D1000F8CAF7 /* Release */,
			);
			defaultConfigurationIsVisible = 0;
			defaultConfigurationName = Release;
		};
/* End XCConfigurationList section */
	};
	rootObject = D8945BFC26CB5CFD00F8CAF7 /* Project object */;
}
